{
    "name": "howest-digitaalvormgever",
    "version": "1.8.3",
    "lockfileVersion": 2,
    "requires": true,
    "packages": {
        "": {
            "name": "howest-digitaalvormgever",
            "version": "1.8.3",
            "engines": {
                "vscode": "^1.62.0"
            }
        }
    }
}
